# THIS IS AN AUTOGENERATED FILE. DO NOT EDIT THIS FILE DIRECTLY.
# yarn lockfile v1


vuetify@^2.3.16:
  version "2.3.16"
  resolved "https://registry.yarnpkg.com/vuetify/-/vuetify-2.3.16.tgz#fc60e54e8d5e7e15c845f8d1fd68cfba3877f22c"
  integrity sha512-LHPqY+Gmyb/75xJscO0a3CuB4ZdpqHLNaGMAbmfTyapI8Q02+hjABEZzitFU/XObD2KhrNWPJzmGZPhbshGUzg==
